
Microsoft Visual Studio Solution File, Format Version 12.00
# Visual Studio 15
Project("{FAE04EC0-301F-11D3-BF4B-00C04F79EFBC}") = "vkChess.net", "vkChess.net.csproj", "{C7D934D4-E947-4AD8-978F-D2C2A98F4508}"
EndProject
Project("{FAE04EC0-301F-11D3-BF4B-00C04F79EFBC}") = "CVKL", "..\vk.net\vke\CVKL.csproj", "{61C217AB-52D4-4928-926B-A2AE6849EC68}"
EndProject
Global
	GlobalSection(SolutionConfigurationPlatforms) = preSolution
		Debug|Any CPU = Debug|Any CPU
		Release|Any CPU = Release|Any CPU
	EndGlobalSection
	GlobalSection(ProjectConfigurationPlatforms) = postSolution
		{C7D934D4-E947-4AD8-978F-D2C2A98F4508}.Debug|Any CPU.ActiveCfg = Debug|Any CPU
		{C7D934D4-E947-4AD8-978F-D2C2A98F4508}.Debug|Any CPU.Build.0 = Debug|Any CPU
		{C7D934D4-E947-4AD8-978F-D2C2A98F4508}.Release|Any CPU.ActiveCfg = Release|Any CPU
		{C7D934D4-E947-4AD8-978F-D2C2A98F4508}.Release|Any CPU.Build.0 = Release|Any CPU
		{61C217AB-52D4-4928-926B-A2AE6849EC68}.Debug|Any CPU.ActiveCfg = Debug|Any CPU
		{61C217AB-52D4-4928-926B-A2AE6849EC68}.Debug|Any CPU.Build.0 = Debug|Any CPU
		{61C217AB-52D4-4928-926B-A2AE6849EC68}.Release|Any CPU.ActiveCfg = Release|Any CPU
		{61C217AB-52D4-4928-926B-A2AE6849EC68}.Release|Any CPU.Build.0 = Release|Any CPU
	EndGlobalSection
EndGlobal
